{
  "name": "dota_hero_card",
  "version": "1.0.0",
  "lockfileVersion": 1,
  "requires": true,
  "dependencies": {
    "dotaconstants": {
      "version": "7.6.0",
      "resolved": "https://registry.npmjs.org/dotaconstants/-/dotaconstants-7.6.0.tgz",
      "integrity": "sha512-rY46c9Y2YTHJBE4YexyD6BMIkr2y8Bl8xUI78vkS+78oAtXyIkjowqeakAcqIQVFkN4kSssbOBDrCK7AFSJQiA=="
    }
  }
}
